
Microsoft Visual Studio Solution File, Format Version 12.00
# Visual Studio Version 16
VisualStudioVersion = 16.0.31424.327
MinimumVisualStudioVersion = 10.0.40219.1
Project("{9A19103F-16F7-4668-BE54-9A1E7A4F7556}") = "Auftragserfassung_Blazor.Module", "Auftragserfassung_Blazor.Module\Auftragserfassung_Blazor.Module.csproj", "{95C49966-374B-4697-9F71-B20C5F3CEC13}"
EndProject
Project("{9A19103F-16F7-4668-BE54-9A1E7A4F7556}") = "Auftragserfassung_Blazor.Module.Win", "Auftragserfassung_Blazor.Module.Win\Auftragserfassung_Blazor.Module.Win.csproj", "{07AE5A00-32FA-4C8E-81FB-5D51C3E9246B}"
EndProject
Project("{9A19103F-16F7-4668-BE54-9A1E7A4F7556}") = "Auftragserfassung_Blazor.Win", "Auftragserfassung_Blazor.Win\Auftragserfassung_Blazor.Win.csproj", "{49A5C42F-ADAC-4FB1-8221-557242EFE803}"
EndProject
Project("{9A19103F-16F7-4668-BE54-9A1E7A4F7556}") = "Auftragserfassung_Blazor.Module.Blazor", "Auftragserfassung_Blazor.Module.Blazor\Auftragserfassung_Blazor.Module.Blazor.csproj", "{0475BA35-6982-46AE-939A-8C628DCF11EE}"
EndProject
Project("{9A19103F-16F7-4668-BE54-9A1E7A4F7556}") = "Auftragserfassung_Blazor.Blazor.Server", "Auftragserfassung_Blazor.Blazor.Server\Auftragserfassung_Blazor.Blazor.Server.csproj", "{B8756E1E-9EF3-4CE6-8774-9CA6FC45CEEB}"
EndProject
Global
	GlobalSection(SolutionConfigurationPlatforms) = preSolution
		Debug|Any CPU = Debug|Any CPU
		Release|Any CPU = Release|Any CPU
	EndGlobalSection
	GlobalSection(ProjectConfigurationPlatforms) = postSolution
		{95C49966-374B-4697-9F71-B20C5F3CEC13}.Debug|Any CPU.ActiveCfg = Debug|Any CPU
		{95C49966-374B-4697-9F71-B20C5F3CEC13}.Debug|Any CPU.Build.0 = Debug|Any CPU
		{95C49966-374B-4697-9F71-B20C5F3CEC13}.Release|Any CPU.ActiveCfg = Release|Any CPU
		{95C49966-374B-4697-9F71-B20C5F3CEC13}.Release|Any CPU.Build.0 = Release|Any CPU
		{07AE5A00-32FA-4C8E-81FB-5D51C3E9246B}.Debug|Any CPU.ActiveCfg = Debug|Any CPU
		{07AE5A00-32FA-4C8E-81FB-5D51C3E9246B}.Debug|Any CPU.Build.0 = Debug|Any CPU
		{07AE5A00-32FA-4C8E-81FB-5D51C3E9246B}.Release|Any CPU.ActiveCfg = Release|Any CPU
		{07AE5A00-32FA-4C8E-81FB-5D51C3E9246B}.Release|Any CPU.Build.0 = Release|Any CPU
		{49A5C42F-ADAC-4FB1-8221-557242EFE803}.Debug|Any CPU.ActiveCfg = Debug|Any CPU
		{49A5C42F-ADAC-4FB1-8221-557242EFE803}.Debug|Any CPU.Build.0 = Debug|Any CPU
		{49A5C42F-ADAC-4FB1-8221-557242EFE803}.Release|Any CPU.ActiveCfg = Release|Any CPU
		{49A5C42F-ADAC-4FB1-8221-557242EFE803}.Release|Any CPU.Build.0 = Release|Any CPU
		{0475BA35-6982-46AE-939A-8C628DCF11EE}.Debug|Any CPU.ActiveCfg = Debug|Any CPU
		{0475BA35-6982-46AE-939A-8C628DCF11EE}.Debug|Any CPU.Build.0 = Debug|Any CPU
		{0475BA35-6982-46AE-939A-8C628DCF11EE}.Release|Any CPU.ActiveCfg = Release|Any CPU
		{0475BA35-6982-46AE-939A-8C628DCF11EE}.Release|Any CPU.Build.0 = Release|Any CPU
		{B8756E1E-9EF3-4CE6-8774-9CA6FC45CEEB}.Debug|Any CPU.ActiveCfg = Debug|Any CPU
		{B8756E1E-9EF3-4CE6-8774-9CA6FC45CEEB}.Debug|Any CPU.Build.0 = Debug|Any CPU
		{B8756E1E-9EF3-4CE6-8774-9CA6FC45CEEB}.Release|Any CPU.ActiveCfg = Release|Any CPU
		{B8756E1E-9EF3-4CE6-8774-9CA6FC45CEEB}.Release|Any CPU.Build.0 = Release|Any CPU
	EndGlobalSection
	GlobalSection(SolutionProperties) = preSolution
		HideSolutionNode = FALSE
	EndGlobalSection
	GlobalSection(ExtensibilityGlobals) = postSolution
		SolutionGuid = {7C482923-5AD5-4739-ACA4-C2FAFE002314}
	EndGlobalSection
EndGlobal
